
Microsoft Visual Studio Solution File, Format Version 12.00
# Visual Studio Version 17
VisualStudioVersion = 17.10.34916.146
MinimumVisualStudioVersion = 10.0.40219.1
Project("{9A19103F-16F7-4668-BE54-9A1E7A4F7556}") = "Common.Security", "Common.Security\Common.Security.csproj", "{A223FD87-7FD6-487F-A7AA-990B24FA511E}"
EndProject
Project("{9A19103F-16F7-4668-BE54-9A1E7A4F7556}") = "TestCommon", "TestCommon\TestCommon.csproj", "{390F85F7-B126-4A00-B299-F174F031EA58}"
EndProject
Project("{2150E333-8FDC-42A3-9474-1A3956D46DE8}") = "方案項目", "方案項目", "{31620363-F5CB-4939-BA6D-813CDC5DFB55}"
	ProjectSection(SolutionItems) = preProject
		NuGet.config = NuGet.config
		Readme.md = Readme.md
	EndProjectSection
EndProject
Project("{9A19103F-16F7-4668-BE54-9A1E7A4F7556}") = "Common.SecurityTool", "Common.SecurityTool\Common.SecurityTool.csproj", "{C4455F2B-EDF0-4EBC-A523-978672658E80}"
EndProject
Global
	GlobalSection(SolutionConfigurationPlatforms) = preSolution
		Debug|Any CPU = Debug|Any CPU
		Release|Any CPU = Release|Any CPU
	EndGlobalSection
	GlobalSection(ProjectConfigurationPlatforms) = postSolution
		{A223FD87-7FD6-487F-A7AA-990B24FA511E}.Debug|Any CPU.ActiveCfg = Debug|Any CPU
		{A223FD87-7FD6-487F-A7AA-990B24FA511E}.Debug|Any CPU.Build.0 = Debug|Any CPU
		{A223FD87-7FD6-487F-A7AA-990B24FA511E}.Release|Any CPU.ActiveCfg = Release|Any CPU
		{A223FD87-7FD6-487F-A7AA-990B24FA511E}.Release|Any CPU.Build.0 = Release|Any CPU
		{390F85F7-B126-4A00-B299-F174F031EA58}.Debug|Any CPU.ActiveCfg = Debug|Any CPU
		{390F85F7-B126-4A00-B299-F174F031EA58}.Debug|Any CPU.Build.0 = Debug|Any CPU
		{390F85F7-B126-4A00-B299-F174F031EA58}.Release|Any CPU.ActiveCfg = Release|Any CPU
		{390F85F7-B126-4A00-B299-F174F031EA58}.Release|Any CPU.Build.0 = Release|Any CPU
		{C4455F2B-EDF0-4EBC-A523-978672658E80}.Debug|Any CPU.ActiveCfg = Debug|Any CPU
		{C4455F2B-EDF0-4EBC-A523-978672658E80}.Debug|Any CPU.Build.0 = Debug|Any CPU
		{C4455F2B-EDF0-4EBC-A523-978672658E80}.Release|Any CPU.ActiveCfg = Release|Any CPU
		{C4455F2B-EDF0-4EBC-A523-978672658E80}.Release|Any CPU.Build.0 = Release|Any CPU
	EndGlobalSection
	GlobalSection(SolutionProperties) = preSolution
		HideSolutionNode = FALSE
	EndGlobalSection
	GlobalSection(ExtensibilityGlobals) = postSolution
		SolutionGuid = {0EF32CF4-AD38-4C07-86C4-AEE67B61B3BF}
	EndGlobalSection
EndGlobal
